
Microsoft Visual Studio Solution File, Format Version 12.00
# Visual Studio Version 16
VisualStudioVersion = 16.0.32002.261
MinimumVisualStudioVersion = 10.0.40219.1
Project("{FAE04EC0-301F-11D3-BF4B-00C04F79EFBC}") = "Mod_2_12_c", "Mod_2_12_c\Mod_2_12_c.csproj", "{81458138-4B4E-49D4-B0A2-C5D9A2FDDA4D}"
EndProject
Global
	GlobalSection(SolutionConfigurationPlatforms) = preSolution
		Debug|Any CPU = Debug|Any CPU
		Release|Any CPU = Release|Any CPU
	EndGlobalSection
	GlobalSection(ProjectConfigurationPlatforms) = postSolution
		{81458138-4B4E-49D4-B0A2-C5D9A2FDDA4D}.Debug|Any CPU.ActiveCfg = Debug|Any CPU
		{81458138-4B4E-49D4-B0A2-C5D9A2FDDA4D}.Debug|Any CPU.Build.0 = Debug|Any CPU
		{81458138-4B4E-49D4-B0A2-C5D9A2FDDA4D}.Release|Any CPU.ActiveCfg = Release|Any CPU
		{81458138-4B4E-49D4-B0A2-C5D9A2FDDA4D}.Release|Any CPU.Build.0 = Release|Any CPU
	EndGlobalSection
	GlobalSection(SolutionProperties) = preSolution
		HideSolutionNode = FALSE
	EndGlobalSection
	GlobalSection(ExtensibilityGlobals) = postSolution
		SolutionGuid = {ADAB7C30-D04C-4AA3-AAB8-434310990CBF}
	EndGlobalSection
EndGlobal
